// !$*UTF8*$!
{
	archiveVersion = 1;
	classes = {
	};
	objectVersion = 46;
	objects = {

/* Begin PBXBuildFile section */
		3A2B9AB3C4E144FCA7F86397 /* libPods.a in Frameworks */ = {isa = PBXBuildFile; fileRef = 235DB72120DF4F04AF2FC1D4 /* libPods.a */; };
		4B462634355849D0BC82308E /* libPods-NSCodersTests.a in Frameworks */ = {isa = PBXBuildFile; fileRef = B4735200F5FD433F8808A460 /* libPods-NSCodersTests.a */; };
		C7413C46180B321500E5686A /* NCStartingViewController.m in Sources */ = {isa = PBXBuildFile; fileRef = C7413C44180B321500E5686A /* NCStartingViewController.m */; };
		C7413C47180B321500E5686A /* NCStartingViewController.m in Sources */ = {isa = PBXBuildFile; fileRef = C7413C44180B321500E5686A /* NCStartingViewController.m */; };
		C7413C48180B321500E5686A /* NCStartingViewController.xib in Resources */ = {isa = PBXBuildFile; fileRef = C7413C45180B321500E5686A /* NCStartingViewController.xib */; };
		C7413C49180B321500E5686A /* NCStartingViewController.xib in Resources */ = {isa = PBXBuildFile; fileRef = C7413C45180B321500E5686A /* NCStartingViewController.xib */; };
		C7413C4D180B332A00E5686A /* NCStartingViewController+UI.m in Sources */ = {isa = PBXBuildFile; fileRef = C7413C4C180B332A00E5686A /* NCStartingViewController+UI.m */; };
		C7413C4E180B332A00E5686A /* NCStartingViewController+UI.m in Sources */ = {isa = PBXBuildFile; fileRef = C7413C4C180B332A00E5686A /* NCStartingViewController+UI.m */; };
		C7413C51180B352A00E5686A /* NCStartingViewControllerTests.m in Sources */ = {isa = PBXBuildFile; fileRef = C7413C50180B352A00E5686A /* NCStartingViewControllerTests.m */; };
		C744CEE0180748D800FB246D /* Foundation.framework in Frameworks */ = {isa = PBXBuildFile; fileRef = C744CEDF180748D800FB246D /* Foundation.framework */; };
		C744CEE2180748D800FB246D /* CoreGraphics.framework in Frameworks */ = {isa = PBXBuildFile; fileRef = C744CEE1180748D800FB246D /* CoreGraphics.framework */; };
		C744CEE4180748D800FB246D /* UIKit.framework in Frameworks */ = {isa = PBXBuildFile; fileRef = C744CEE3180748D800FB246D /* UIKit.framework */; };
		C744CEF9180748D800FB246D /* XCTest.framework in Frameworks */ = {isa = PBXBuildFile; fileRef = C744CEF8180748D800FB246D /* XCTest.framework */; };
		C744CEFA180748D800FB246D /* Foundation.framework in Frameworks */ = {isa = PBXBuildFile; fileRef = C744CEDF180748D800FB246D /* Foundation.framework */; };
		C744CEFB180748D800FB246D /* UIKit.framework in Frameworks */ = {isa = PBXBuildFile; fileRef = C744CEE3180748D800FB246D /* UIKit.framework */; };
		C744CF171807491000FB246D /* NCAppDelegate.m in Sources */ = {isa = PBXBuildFile; fileRef = C744CF101807491000FB246D /* NCAppDelegate.m */; };
		C744CF181807491000FB246D /* main.m in Sources */ = {isa = PBXBuildFile; fileRef = C744CF141807491000FB246D /* main.m */; };
		D0028326180DE43400E188E7 /* NCMapViewController.m in Sources */ = {isa = PBXBuildFile; fileRef = D0028324180DE43400E188E7 /* NCMapViewController.m */; };
		D020ED2E180EC28800CFACA2 /* MapKit.framework in Frameworks */ = {isa = PBXBuildFile; fileRef = D020ED2D180EC28800CFACA2 /* MapKit.framework */; };
		D020ED2F180EC29600CFACA2 /* MapKit.framework in Frameworks */ = {isa = PBXBuildFile; fileRef = D020ED2D180EC28800CFACA2 /* MapKit.framework */; };
		D020ED31180EC59800CFACA2 /* Media.xcassets in Resources */ = {isa = PBXBuildFile; fileRef = D020ED30180EC59800CFACA2 /* Media.xcassets */; };
		D020ED34180EC87900CFACA2 /* NCMapViewController+UI.m in Sources */ = {isa = PBXBuildFile; fileRef = D020ED33180EC87900CFACA2 /* NCMapViewController+UI.m */; };
		D020ED35180EC87900CFACA2 /* NCMapViewController+UI.m in Sources */ = {isa = PBXBuildFile; fileRef = D020ED33180EC87900CFACA2 /* NCMapViewController+UI.m */; };
		D0A49E96180FD4B000262A94 /* NCMapViewController.xib in Resources */ = {isa = PBXBuildFile; fileRef = D0A49E95180FD4B000262A94 /* NCMapViewController.xib */; };
		D0A49E9B180FF8B900262A94 /* NSCoders-Info.plist in Resources */ = {isa = PBXBuildFile; fileRef = C744CF151807491000FB246D /* NSCoders-Info.plist */; };
		D0A49E9C180FF91C00262A94 /* Localizable.strings in Resources */ = {isa = PBXBuildFile; fileRef = D0A49E9E180FF91C00262A94 /* Localizable.strings */; };
/* End PBXBuildFile section */

/* Begin PBXContainerItemProxy section */
		C744CEFC180748D800FB246D /* PBXContainerItemProxy */ = {
			isa = PBXContainerItemProxy;
			containerPortal = C744CED4180748D800FB246D /* Project object */;
			proxyType = 1;
			remoteGlobalIDString = C744CEDB180748D800FB246D;
			remoteInfo = NSCoders;
		};
/* End PBXContainerItemProxy section */

/* Begin PBXFileReference section */
		235DB72120DF4F04AF2FC1D4 /* libPods.a */ = {isa = PBXFileReference; explicitFileType = archive.ar; includeInIndex = 0; path = libPods.a; sourceTree = BUILT_PRODUCTS_DIR; };
		7202FB0AFA96480F9C0B71E3 /* Pods-NSCodersTests.xcconfig */ = {isa = PBXFileReference; includeInIndex = 1; lastKnownFileType = text.xcconfig; name = "Pods-NSCodersTests.xcconfig"; path = "Pods/Pods-NSCodersTests.xcconfig"; sourceTree = "<group>"; };
		B4735200F5FD433F8808A460 /* libPods-NSCodersTests.a */ = {isa = PBXFileReference; explicitFileType = archive.ar; includeInIndex = 0; path = "libPods-NSCodersTests.a"; sourceTree = BUILT_PRODUCTS_DIR; };
		C7413C43180B321500E5686A /* NCStartingViewController.h */ = {isa = PBXFileReference; fileEncoding = 4; lastKnownFileType = sourcecode.c.h; path = NCStartingViewController.h; sourceTree = "<group>"; };
		C7413C44180B321500E5686A /* NCStartingViewController.m */ = {isa = PBXFileReference; fileEncoding = 4; lastKnownFileType = sourcecode.c.objc; path = NCStartingViewController.m; sourceTree = "<group>"; };
		C7413C45180B321500E5686A /* NCStartingViewController.xib */ = {isa = PBXFileReference; fileEncoding = 4; lastKnownFileType = file.xib; path = NCStartingViewController.xib; sourceTree = "<group>"; };
		C7413C4B180B332A00E5686A /* NCStartingViewController+UI.h */ = {isa = PBXFileReference; fileEncoding = 4; lastKnownFileType = sourcecode.c.h; path = "NCStartingViewController+UI.h"; sourceTree = "<group>"; };
		C7413C4C180B332A00E5686A /* NCStartingViewController+UI.m */ = {isa = PBXFileReference; fileEncoding = 4; lastKnownFileType = sourcecode.c.objc; path = "NCStartingViewController+UI.m"; sourceTree = "<group>"; };
		C7413C50180B352A00E5686A /* NCStartingViewControllerTests.m */ = {isa = PBXFileReference; fileEncoding = 4; lastKnownFileType = sourcecode.c.objc; name = NCStartingViewControllerTests.m; path = "NSCodersTests/Starting ViewController Tests/NCStartingViewControllerTests.m"; sourceTree = SOURCE_ROOT; };
		C744CEDC180748D800FB246D /* NSCoders.app */ = {isa = PBXFileReference; explicitFileType = wrapper.application; includeInIndex = 0; path = NSCoders.app; sourceTree = BUILT_PRODUCTS_DIR; };
		C744CEDF180748D800FB246D /* Foundation.framework */ = {isa = PBXFileReference; lastKnownFileType = wrapper.framework; name = Foundation.framework; path = System/Library/Frameworks/Foundation.framework; sourceTree = SDKROOT; };
		C744CEE1180748D800FB246D /* CoreGraphics.framework */ = {isa = PBXFileReference; lastKnownFileType = wrapper.framework; name = CoreGraphics.framework; path = System/Library/Frameworks/CoreGraphics.framework; sourceTree = SDKROOT; };
		C744CEE3180748D800FB246D /* UIKit.framework */ = {isa = PBXFileReference; lastKnownFileType = wrapper.framework; name = UIKit.framework; path = System/Library/Frameworks/UIKit.framework; sourceTree = SDKROOT; };
		C744CEF7180748D800FB246D /* NSCodersTests.xctest */ = {isa = PBXFileReference; explicitFileType = wrapper.cfbundle; includeInIndex = 0; path = NSCodersTests.xctest; sourceTree = BUILT_PRODUCTS_DIR; };
		C744CEF8180748D800FB246D /* XCTest.framework */ = {isa = PBXFileReference; lastKnownFileType = wrapper.framework; name = XCTest.framework; path = Library/Frameworks/XCTest.framework; sourceTree = DEVELOPER_DIR; };
		C744CF0F1807491000FB246D /* NCAppDelegate.h */ = {isa = PBXFileReference; fileEncoding = 4; lastKnownFileType = sourcecode.c.h; path = NCAppDelegate.h; sourceTree = "<group>"; };
		C744CF101807491000FB246D /* NCAppDelegate.m */ = {isa = PBXFileReference; fileEncoding = 4; lastKnownFileType = sourcecode.c.objc; path = NCAppDelegate.m; sourceTree = "<group>"; };
		C744CF141807491000FB246D /* main.m */ = {isa = PBXFileReference; fileEncoding = 4; lastKnownFileType = sourcecode.c.objc; path = main.m; sourceTree = "<group>"; };
		C744CF151807491000FB246D /* NSCoders-Info.plist */ = {isa = PBXFileReference; fileEncoding = 4; lastKnownFileType = text.plist.xml; path = "NSCoders-Info.plist"; sourceTree = "<group>"; };
		C744CF161807491000FB246D /* NSCoders-Prefix.pch */ = {isa = PBXFileReference; fileEncoding = 4; lastKnownFileType = sourcecode.c.h; path = "NSCoders-Prefix.pch"; sourceTree = "<group>"; };
		C744CF1B180749BF00FB246D /* NSCodersTests-Info.plist */ = {isa = PBXFileReference; fileEncoding = 4; lastKnownFileType = text.plist.xml; path = "NSCodersTests-Info.plist"; sourceTree = "<group>"; };
		D0028323180DE43400E188E7 /* NCMapViewController.h */ = {isa = PBXFileReference; fileEncoding = 4; lastKnownFileType = sourcecode.c.h; path = NCMapViewController.h; sourceTree = "<group>"; };
		D0028324180DE43400E188E7 /* NCMapViewController.m */ = {isa = PBXFileReference; fileEncoding = 4; lastKnownFileType = sourcecode.c.objc; path = NCMapViewController.m; sourceTree = "<group>"; };
		D020ED2D180EC28800CFACA2 /* MapKit.framework */ = {isa = PBXFileReference; lastKnownFileType = wrapper.framework; name = MapKit.framework; path = System/Library/Frameworks/MapKit.framework; sourceTree = SDKROOT; };
		D020ED30180EC59800CFACA2 /* Media.xcassets */ = {isa = PBXFileReference; lastKnownFileType = folder.assetcatalog; path = Media.xcassets; sourceTree = "<group>"; };
		D020ED32180EC87900CFACA2 /* NCMapViewController+UI.h */ = {isa = PBXFileReference; fileEncoding = 4; lastKnownFileType = sourcecode.c.h; path = "NCMapViewController+UI.h"; sourceTree = "<group>"; };
		D020ED33180EC87900CFACA2 /* NCMapViewController+UI.m */ = {isa = PBXFileReference; fileEncoding = 4; lastKnownFileType = sourcecode.c.objc; path = "NCMapViewController+UI.m"; sourceTree = "<group>"; };
		D0A49E95180FD4B000262A94 /* NCMapViewController.xib */ = {isa = PBXFileReference; fileEncoding = 4; lastKnownFileType = file.xib; path = NCMapViewController.xib; sourceTree = "<group>"; };
		D0A49E9F180FF92300262A94 /* pt-PT */ = {isa = PBXFileReference; lastKnownFileType = file; name = "pt-PT"; path = "pt-PT.lproj/Localizable.strings"; sourceTree = "<group>"; };
		D0A49EA1180FF93900262A94 /* en */ = {isa = PBXFileReference; lastKnownFileType = file; name = en; path = en.lproj/Localizable.strings; sourceTree = "<group>"; };
		EF3FA54749F14955A1D70960 /* Pods.xcconfig */ = {isa = PBXFileReference; includeInIndex = 1; lastKnownFileType = text.xcconfig; name = Pods.xcconfig; path = Pods/Pods.xcconfig; sourceTree = "<group>"; };
/* End PBXFileReference section */

/* Begin PBXFrameworksBuildPhase section */
		C744CED9180748D800FB246D /* Frameworks */ = {
			isa = PBXFrameworksBuildPhase;
			buildActionMask = 2147483647;
			files = (
				D020ED2E180EC28800CFACA2 /* MapKit.framework in Frameworks */,
				C744CEE2180748D800FB246D /* CoreGraphics.framework in Frameworks */,
				C744CEE4180748D800FB246D /* UIKit.framework in Frameworks */,
				C744CEE0180748D800FB246D /* Foundation.framework in Frameworks */,
				3A2B9AB3C4E144FCA7F86397 /* libPods.a in Frameworks */,
			);
			runOnlyForDeploymentPostprocessing = 0;
		};
		C744CEF4180748D800FB246D /* Frameworks */ = {
			isa = PBXFrameworksBuildPhase;
			buildActionMask = 2147483647;
			files = (
				D020ED2F180EC29600CFACA2 /* MapKit.framework in Frameworks */,
				C744CEF9180748D800FB246D /* XCTest.framework in Frameworks */,
				C744CEFB180748D800FB246D /* UIKit.framework in Frameworks */,
				C744CEFA180748D800FB246D /* Foundation.framework in Frameworks */,
				4B462634355849D0BC82308E /* libPods-NSCodersTests.a in Frameworks */,
			);
			runOnlyForDeploymentPostprocessing = 0;
		};
/* End PBXFrameworksBuildPhase section */

/* Begin PBXGroup section */
		C7413C42180B320000E5686A /* Starting ViewController */ = {
			isa = PBXGroup;
			children = (
				C7413C4A180B331700E5686A /* Category */,
				C7413C43180B321500E5686A /* NCStartingViewController.h */,
				C7413C44180B321500E5686A /* NCStartingViewController.m */,
				C7413C45180B321500E5686A /* NCStartingViewController.xib */,
			);
			path = "Starting ViewController";
			sourceTree = "<group>";
		};
		C7413C4A180B331700E5686A /* Category */ = {
			isa = PBXGroup;
			children = (
				C7413C4B180B332A00E5686A /* NCStartingViewController+UI.h */,
				C7413C4C180B332A00E5686A /* NCStartingViewController+UI.m */,
			);
			path = Category;
			sourceTree = "<group>";
		};
		C7413C4F180B351300E5686A /* Starting ViewController Tests */ = {
			isa = PBXGroup;
			children = (
				C7413C50180B352A00E5686A /* NCStartingViewControllerTests.m */,
			);
			path = "Starting ViewController Tests";
			sourceTree = "<group>";
		};
		C744CED3180748D800FB246D = {
			isa = PBXGroup;
			children = (
				D020ED30180EC59800CFACA2 /* Media.xcassets */,
				C744CEE5180748D800FB246D /* NSCoders */,
				C744CEFE180748D800FB246D /* NSCodersTests */,
				C744CEDE180748D800FB246D /* Frameworks */,
				C744CEDD180748D800FB246D /* Products */,
				7202FB0AFA96480F9C0B71E3 /* Pods-NSCodersTests.xcconfig */,
				EF3FA54749F14955A1D70960 /* Pods.xcconfig */,
			);
			indentWidth = 4;
			sourceTree = "<group>";
			tabWidth = 4;
			usesTabs = 0;
		};
		C744CEDD180748D800FB246D /* Products */ = {
			isa = PBXGroup;
			children = (
				C744CEDC180748D800FB246D /* NSCoders.app */,
				C744CEF7180748D800FB246D /* NSCodersTests.xctest */,
			);
			name = Products;
			sourceTree = "<group>";
		};
		C744CEDE180748D800FB246D /* Frameworks */ = {
			isa = PBXGroup;
			children = (
				D020ED2D180EC28800CFACA2 /* MapKit.framework */,
				C744CEDF180748D800FB246D /* Foundation.framework */,
				C744CEE1180748D800FB246D /* CoreGraphics.framework */,
				C744CEE3180748D800FB246D /* UIKit.framework */,
				C744CEF8180748D800FB246D /* XCTest.framework */,
				B4735200F5FD433F8808A460 /* libPods-NSCodersTests.a */,
				235DB72120DF4F04AF2FC1D4 /* libPods.a */,
			);
			name = Frameworks;
			sourceTree = "<group>";
		};
		C744CEE5180748D800FB246D /* NSCoders */ = {
			isa = PBXGroup;
			children = (
				C744CF2018074A1400FB246D /* Components */,
				C744CF2118074A1400FB246D /* ViewControllers */,
				C744CF0E1807491000FB246D /* AppDelegate */,
				C744CF111807491000FB246D /* Resources */,
				C744CF131807491000FB246D /* Supporting Files */,
			);
			path = NSCoders;
			sourceTree = "<group>";
		};
		C744CEFE180748D800FB246D /* NSCodersTests */ = {
			isa = PBXGroup;
			children = (
				C7413C4F180B351300E5686A /* Starting ViewController Tests */,
				C744CF1A180749BF00FB246D /* Supporting Files */,
			);
			path = NSCodersTests;
			sourceTree = "<group>";
		};
		C744CF0E1807491000FB246D /* AppDelegate */ = {
			isa = PBXGroup;
			children = (
				C744CF0F1807491000FB246D /* NCAppDelegate.h */,
				C744CF101807491000FB246D /* NCAppDelegate.m */,
			);
			path = AppDelegate;
			sourceTree = "<group>";
		};
		C744CF111807491000FB246D /* Resources */ = {
			isa = PBXGroup;
			children = (
				C744CF121807491000FB246D /* Localization */,
			);
			path = Resources;
			sourceTree = "<group>";
		};
		C744CF121807491000FB246D /* Localization */ = {
			isa = PBXGroup;
			children = (
				D0A49E9E180FF91C00262A94 /* Localizable.strings */,
			);
			path = Localization;
			sourceTree = "<group>";
		};
		C744CF131807491000FB246D /* Supporting Files */ = {
			isa = PBXGroup;
			children = (
				C744CF141807491000FB246D /* main.m */,
				C744CF151807491000FB246D /* NSCoders-Info.plist */,
				C744CF161807491000FB246D /* NSCoders-Prefix.pch */,
			);
			path = "Supporting Files";
			sourceTree = "<group>";
		};
		C744CF1A180749BF00FB246D /* Supporting Files */ = {
			isa = PBXGroup;
			children = (
				C744CF1B180749BF00FB246D /* NSCodersTests-Info.plist */,
			);
			path = "Supporting Files";
			sourceTree = "<group>";
		};
		C744CF2018074A1400FB246D /* Components */ = {
			isa = PBXGroup;
			children = (
			);
			path = Components;
			sourceTree = "<group>";
		};
		C744CF2118074A1400FB246D /* ViewControllers */ = {
			isa = PBXGroup;
			children = (
				D0028322180DE3B500E188E7 /* Map ViewController */,
				C7413C42180B320000E5686A /* Starting ViewController */,
			);
			path = ViewControllers;
			sourceTree = "<group>";
		};
		D0028322180DE3B500E188E7 /* Map ViewController */ = {
			isa = PBXGroup;
			children = (
				D020ED36180ECAED00CFACA2 /* Category */,
				D0028323180DE43400E188E7 /* NCMapViewController.h */,
				D0028324180DE43400E188E7 /* NCMapViewController.m */,
				D0A49E95180FD4B000262A94 /* NCMapViewController.xib */,
			);
			path = "Map ViewController";
			sourceTree = "<group>";
		};
		D020ED36180ECAED00CFACA2 /* Category */ = {
			isa = PBXGroup;
			children = (
				D020ED32180EC87900CFACA2 /* NCMapViewController+UI.h */,
				D020ED33180EC87900CFACA2 /* NCMapViewController+UI.m */,
			);
			name = Category;
			path = "../Map ViewController/Category";
			sourceTree = "<group>";
		};
/* End PBXGroup section */

/* Begin PBXNativeTarget section */
		C744CEDB180748D800FB246D /* NSCoders */ = {
			isa = PBXNativeTarget;
			buildConfigurationList = C744CF08180748D800FB246D /* Build configuration list for PBXNativeTarget "NSCoders" */;
			buildPhases = (
				EFB4CBC7B615408EA86B79FE /* Check Pods Manifest.lock */,
				C744CED8180748D800FB246D /* Sources */,
				C744CED9180748D800FB246D /* Frameworks */,
				C744CEDA180748D800FB246D /* Resources */,
				3FC12A066E004CE59222D315 /* Warn for TODO and FIXME comments */,
				C986BEC243644E7B8A849344 /* Copy Pods Resources */,
			);
			buildRules = (
			);
			dependencies = (
			);
			name = NSCoders;
			productName = NSCoders;
			productReference = C744CEDC180748D800FB246D /* NSCoders.app */;
			productType = "com.apple.product-type.application";
		};
		C744CEF6180748D800FB246D /* NSCodersTests */ = {
			isa = PBXNativeTarget;
			buildConfigurationList = C744CF0B180748D800FB246D /* Build configuration list for PBXNativeTarget "NSCodersTests" */;
			buildPhases = (
				2F8A097D9C244C4AA0103C29 /* Check Pods Manifest.lock */,
				C744CEF3180748D800FB246D /* Sources */,
				C744CEF4180748D800FB246D /* Frameworks */,
				C744CEF5180748D800FB246D /* Resources */,
				F9CD565FD5124E779F99BC18 /* Copy Pods Resources */,
			);
			buildRules = (
			);
			dependencies = (
				C744CEFD180748D800FB246D /* PBXTargetDependency */,
			);
			name = NSCodersTests;
			productName = NSCodersTests;
			productReference = C744CEF7180748D800FB246D /* NSCodersTests.xctest */;
			productType = "com.apple.product-type.bundle.unit-test";
		};
/* End PBXNativeTarget section */

/* Begin PBXProject section */
		C744CED4180748D800FB246D /* Project object */ = {
			isa = PBXProject;
			attributes = {
				CLASSPREFIX = NC;
				LastUpgradeCheck = 0500;
				ORGANIZATIONNAME = NSCoders;
				TargetAttributes = {
					C744CEF6180748D800FB246D = {
						TestTargetID = C744CEDB180748D800FB246D;
					};
				};
			};
			buildConfigurationList = C744CED7180748D800FB246D /* Build configuration list for PBXProject "NSCoders" */;
			compatibilityVersion = "Xcode 3.2";
			developmentRegion = English;
			hasScannedForEncodings = 0;
			knownRegions = (
				en,
				"pt-PT",
			);
			mainGroup = C744CED3180748D800FB246D;
			productRefGroup = C744CEDD180748D800FB246D /* Products */;
			projectDirPath = "";
			projectRoot = "";
			targets = (
				C744CEDB180748D800FB246D /* NSCoders */,
				C744CEF6180748D800FB246D /* NSCodersTests */,
			);
		};
/* End PBXProject section */

/* Begin PBXResourcesBuildPhase section */
		C744CEDA180748D800FB246D /* Resources */ = {
			isa = PBXResourcesBuildPhase;
			buildActionMask = 2147483647;
			files = (
				C7413C48180B321500E5686A /* NCStartingViewController.xib in Resources */,
				D0A49E9C180FF91C00262A94 /* Localizable.strings in Resources */,
				D0A49E9B180FF8B900262A94 /* NSCoders-Info.plist in Resources */,
				D0A49E96180FD4B000262A94 /* NCMapViewController.xib in Resources */,
				D020ED31180EC59800CFACA2 /* Media.xcassets in Resources */,
			);
			runOnlyForDeploymentPostprocessing = 0;
		};
		C744CEF5180748D800FB246D /* Resources */ = {
			isa = PBXResourcesBuildPhase;
			buildActionMask = 2147483647;
			files = (
				C7413C49180B321500E5686A /* NCStartingViewController.xib in Resources */,
			);
			runOnlyForDeploymentPostprocessing = 0;
		};
/* End PBXResourcesBuildPhase section */

/* Begin PBXShellScriptBuildPhase section */
		2F8A097D9C244C4AA0103C29 /* Check Pods Manifest.lock */ = {
			isa = PBXShellScriptBuildPhase;
			buildActionMask = 2147483647;
			files = (
			);
			inputPaths = (
			);
			name = "Check Pods Manifest.lock";
			outputPaths = (
			);
			runOnlyForDeploymentPostprocessing = 0;
			shellPath = /bin/sh;
			shellScript = "diff \"${PODS_ROOT}/../Podfile.lock\" \"${PODS_ROOT}/Manifest.lock\" > /dev/null\nif [[ $? != 0 ]] ; then\n    cat << EOM\nerror: The sandbox is not in sync with the Podfile.lock. Run 'pod install' or update your CocoaPods installation.\nEOM\n    exit 1\nfi\n";
			showEnvVarsInLog = 0;
		};
		3FC12A066E004CE59222D315 /* Warn for TODO and FIXME comments */ = {
			isa = PBXShellScriptBuildPhase;
			buildActionMask = 2147483647;
			files = (
			);
			inputPaths = (
			);
			name = "Warn for TODO and FIXME comments";
			outputPaths = (
			);
			runOnlyForDeploymentPostprocessing = 0;
			shellPath = /bin/sh;
			shellScript = "KEYWORDS=\"TODO:|FIXME:|\\?\\?\\?:|\\!\\!\\!:\"\nFILE_EXTENSIONS=\"h|m|mm|c|cpp\"\nfind -E \"${SRCROOT}\" -ipath \"${SRCROOT}/pods\" -prune -o \\( -regex \".*\\.($FILE_EXTENSIONS)$\" \\) -print0 | xargs -0 egrep --with-filename --line-number --only-matching \"($KEYWORDS).*\\$\" | perl -p -e \"s/($KEYWORDS)/ warning: \\$1/\"\n";
		};
		C986BEC243644E7B8A849344 /* Copy Pods Resources */ = {
			isa = PBXShellScriptBuildPhase;
			buildActionMask = 2147483647;
			files = (
			);
			inputPaths = (
			);
			name = "Copy Pods Resources";
			outputPaths = (
			);
			runOnlyForDeploymentPostprocessing = 0;
			shellPath = /bin/sh;
			shellScript = "\"${SRCROOT}/Pods/Pods-resources.sh\"\n";
			showEnvVarsInLog = 0;
		};
		EFB4CBC7B615408EA86B79FE /* Check Pods Manifest.lock */ = {
			isa = PBXShellScriptBuildPhase;
			buildActionMask = 2147483647;
			files = (
			);
			inputPaths = (
			);
			name = "Check Pods Manifest.lock";
			outputPaths = (
			);
			runOnlyForDeploymentPostprocessing = 0;
			shellPath = /bin/sh;
			shellScript = "diff \"${PODS_ROOT}/../Podfile.lock\" \"${PODS_ROOT}/Manifest.lock\" > /dev/null\nif [[ $? != 0 ]] ; then\n    cat << EOM\nerror: The sandbox is not in sync with the Podfile.lock. Run 'pod install' or update your CocoaPods installation.\nEOM\n    exit 1\nfi\n";
			showEnvVarsInLog = 0;
		};
		F9CD565FD5124E779F99BC18 /* Copy Pods Resources */ = {
			isa = PBXShellScriptBuildPhase;
			buildActionMask = 2147483647;
			files = (
			);
			inputPaths = (
			);
			name = "Copy Pods Resources";
			outputPaths = (
			);
			runOnlyForDeploymentPostprocessing = 0;
			shellPath = /bin/sh;
			shellScript = "\"${SRCROOT}/Pods/Pods-NSCodersTests-resources.sh\"\n";
			showEnvVarsInLog = 0;
		};
/* End PBXShellScriptBuildPhase section */

/* Begin PBXSourcesBuildPhase section */
		C744CED8180748D800FB246D /* Sources */ = {
			isa = PBXSourcesBuildPhase;
			buildActionMask = 2147483647;
			files = (
				D020ED34180EC87900CFACA2 /* NCMapViewController+UI.m in Sources */,
				D0028326180DE43400E188E7 /* NCMapViewController.m in Sources */,
				C7413C46180B321500E5686A /* NCStartingViewController.m in Sources */,
				C7413C4D180B332A00E5686A /* NCStartingViewController+UI.m in Sources */,
				C744CF181807491000FB246D /* main.m in Sources */,
				C744CF171807491000FB246D /* NCAppDelegate.m in Sources */,
			);
			runOnlyForDeploymentPostprocessing = 0;
		};
		C744CEF3180748D800FB246D /* Sources */ = {
			isa = PBXSourcesBuildPhase;
			buildActionMask = 2147483647;
			files = (
				C7413C51180B352A00E5686A /* NCStartingViewControllerTests.m in Sources */,
				C7413C47180B321500E5686A /* NCStartingViewController.m in Sources */,
				D020ED35180EC87900CFACA2 /* NCMapViewController+UI.m in Sources */,
				C7413C4E180B332A00E5686A /* NCStartingViewController+UI.m in Sources */,
			);
			runOnlyForDeploymentPostprocessing = 0;
		};
/* End PBXSourcesBuildPhase section */

/* Begin PBXTargetDependency section */
		C744CEFD180748D800FB246D /* PBXTargetDependency */ = {
			isa = PBXTargetDependency;
			target = C744CEDB180748D800FB246D /* NSCoders */;
			targetProxy = C744CEFC180748D800FB246D /* PBXContainerItemProxy */;
		};
/* End PBXTargetDependency section */

/* Begin PBXVariantGroup section */
		D0A49E9E180FF91C00262A94 /* Localizable.strings */ = {
			isa = PBXVariantGroup;
			children = (
				D0A49E9F180FF92300262A94 /* pt-PT */,
				D0A49EA1180FF93900262A94 /* en */,
			);
			name = Localizable.strings;
			sourceTree = "<group>";
		};
/* End PBXVariantGroup section */

/* Begin XCBuildConfiguration section */
		C744CF06180748D800FB246D /* Debug */ = {
			isa = XCBuildConfiguration;
			buildSettings = {
				ALWAYS_SEARCH_USER_PATHS = NO;
				ARCHS = "$(ARCHS_STANDARD_INCLUDING_64_BIT)";
				CLANG_CXX_LANGUAGE_STANDARD = "gnu++0x";
				CLANG_CXX_LIBRARY = "libc++";
				CLANG_ENABLE_MODULES = YES;
				CLANG_ENABLE_OBJC_ARC = YES;
				CLANG_WARN_BOOL_CONVERSION = YES;
				CLANG_WARN_CONSTANT_CONVERSION = YES;
				CLANG_WARN_DEPRECATED_OBJC_IMPLEMENTATIONS = YES;
				CLANG_WARN_DIRECT_OBJC_ISA_USAGE = YES_ERROR;
				CLANG_WARN_EMPTY_BODY = YES;
				CLANG_WARN_ENUM_CONVERSION = YES;
				CLANG_WARN_INT_CONVERSION = YES;
				CLANG_WARN_OBJC_IMPLICIT_RETAIN_SELF = YES;
				CLANG_WARN_OBJC_ROOT_CLASS = YES_ERROR;
				CLANG_WARN__DUPLICATE_METHOD_MATCH = YES;
				"CODE_SIGN_IDENTITY[sdk=iphoneos*]" = "iPhone Developer";
				COPY_PHASE_STRIP = NO;
				GCC_C_LANGUAGE_STANDARD = gnu99;
				GCC_DYNAMIC_NO_PIC = NO;
				GCC_OPTIMIZATION_LEVEL = 0;
				GCC_PREPROCESSOR_DEFINITIONS = (
					"DEBUG=1",
					"$(inherited)",
				);
				GCC_SYMBOLS_PRIVATE_EXTERN = NO;
				GCC_WARN_64_TO_32_BIT_CONVERSION = YES;
				GCC_WARN_ABOUT_MISSING_FIELD_INITIALIZERS = YES;
				GCC_WARN_ABOUT_MISSING_NEWLINE = YES;
				GCC_WARN_ABOUT_RETURN_TYPE = YES;
				GCC_WARN_CHECK_SWITCH_STATEMENTS = YES;
				GCC_WARN_INITIALIZER_NOT_FULLY_BRACKETED = YES;
				GCC_WARN_MISSING_PARENTHESES = YES;
				GCC_WARN_SHADOW = YES;
				GCC_WARN_SIGN_COMPARE = YES;
				GCC_WARN_TYPECHECK_CALLS_TO_PRINTF = YES;
				GCC_WARN_UNDECLARED_SELECTOR = YES;
				GCC_WARN_UNINITIALIZED_AUTOS = YES;
				GCC_WARN_UNUSED_FUNCTION = YES;
				GCC_WARN_UNUSED_LABEL = YES;
				GCC_WARN_UNUSED_VALUE = YES;
				GCC_WARN_UNUSED_VARIABLE = YES;
				IPHONEOS_DEPLOYMENT_TARGET = 7.0;
				ONLY_ACTIVE_ARCH = YES;
				RUN_CLANG_STATIC_ANALYZER = YES;
				SDKROOT = iphoneos;
			};
			name = Debug;
		};
		C744CF07180748D800FB246D /* Release */ = {
			isa = XCBuildConfiguration;
			buildSettings = {
				ALWAYS_SEARCH_USER_PATHS = NO;
				ARCHS = "$(ARCHS_STANDARD_INCLUDING_64_BIT)";
				CLANG_CXX_LANGUAGE_STANDARD = "gnu++0x";
				CLANG_CXX_LIBRARY = "libc++";
				CLANG_ENABLE_MODULES = YES;
				CLANG_ENABLE_OBJC_ARC = YES;
				CLANG_WARN_BOOL_CONVERSION = YES;
				CLANG_WARN_CONSTANT_CONVERSION = YES;
				CLANG_WARN_DEPRECATED_OBJC_IMPLEMENTATIONS = YES;
				CLANG_WARN_DIRECT_OBJC_ISA_USAGE = YES_ERROR;
				CLANG_WARN_EMPTY_BODY = YES;
				CLANG_WARN_ENUM_CONVERSION = YES;
				CLANG_WARN_INT_CONVERSION = YES;
				CLANG_WARN_OBJC_IMPLICIT_RETAIN_SELF = YES;
				CLANG_WARN_OBJC_ROOT_CLASS = YES_ERROR;
				CLANG_WARN__DUPLICATE_METHOD_MATCH = YES;
				"CODE_SIGN_IDENTITY[sdk=iphoneos*]" = "iPhone Developer";
				COPY_PHASE_STRIP = YES;
				ENABLE_NS_ASSERTIONS = NO;
				GCC_C_LANGUAGE_STANDARD = gnu99;
				GCC_WARN_64_TO_32_BIT_CONVERSION = YES;
				GCC_WARN_ABOUT_MISSING_FIELD_INITIALIZERS = YES;
				GCC_WARN_ABOUT_MISSING_NEWLINE = YES;
				GCC_WARN_ABOUT_RETURN_TYPE = YES;
				GCC_WARN_CHECK_SWITCH_STATEMENTS = YES;
				GCC_WARN_INITIALIZER_NOT_FULLY_BRACKETED = YES;
				GCC_WARN_MISSING_PARENTHESES = YES;
				GCC_WARN_SHADOW = YES;
				GCC_WARN_SIGN_COMPARE = YES;
				GCC_WARN_TYPECHECK_CALLS_TO_PRINTF = YES;
				GCC_WARN_UNDECLARED_SELECTOR = YES;
				GCC_WARN_UNINITIALIZED_AUTOS = YES;
				GCC_WARN_UNUSED_FUNCTION = YES;
				GCC_WARN_UNUSED_LABEL = YES;
				GCC_WARN_UNUSED_VALUE = YES;
				GCC_WARN_UNUSED_VARIABLE = YES;
				IPHONEOS_DEPLOYMENT_TARGET = 7.0;
				RUN_CLANG_STATIC_ANALYZER = YES;
				SDKROOT = iphoneos;
				VALIDATE_PRODUCT = YES;
			};
			name = Release;
		};
		C744CF09180748D800FB246D /* Debug */ = {
			isa = XCBuildConfiguration;
			baseConfigurationReference = EF3FA54749F14955A1D70960 /* Pods.xcconfig */;
			buildSettings = {
				ASSETCATALOG_COMPILER_APPICON_NAME = AppIcon;
				ASSETCATALOG_COMPILER_LAUNCHIMAGE_NAME = LaunchImage;
				GCC_PRECOMPILE_PREFIX_HEADER = YES;
				GCC_PREFIX_HEADER = "NSCoders/Supporting Files/NSCoders-Prefix.pch";
				INFOPLIST_FILE = "NSCoders/Supporting Files/NSCoders-Info.plist";
				PRODUCT_NAME = "$(TARGET_NAME)";
				WRAPPER_EXTENSION = app;
			};
			name = Debug;
		};
		C744CF0A180748D800FB246D /* Release */ = {
			isa = XCBuildConfiguration;
			baseConfigurationReference = EF3FA54749F14955A1D70960 /* Pods.xcconfig */;
			buildSettings = {
				ASSETCATALOG_COMPILER_APPICON_NAME = AppIcon;
				ASSETCATALOG_COMPILER_LAUNCHIMAGE_NAME = LaunchImage;
				GCC_PRECOMPILE_PREFIX_HEADER = YES;
				GCC_PREFIX_HEADER = "NSCoders/Supporting Files/NSCoders-Prefix.pch";
				INFOPLIST_FILE = "NSCoders/Supporting Files/NSCoders-Info.plist";
				PRODUCT_NAME = "$(TARGET_NAME)";
				WRAPPER_EXTENSION = app;
			};
			name = Release;
		};
		C744CF0C180748D800FB246D /* Debug */ = {
			isa = XCBuildConfiguration;
			baseConfigurationReference = 7202FB0AFA96480F9C0B71E3 /* Pods-NSCodersTests.xcconfig */;
			buildSettings = {
				ARCHS = "$(ARCHS_STANDARD_INCLUDING_64_BIT)";
				BUNDLE_LOADER = "$(BUILT_PRODUCTS_DIR)/NSCoders.app/NSCoders";
				FRAMEWORK_SEARCH_PATHS = (
					"$(SDKROOT)/Developer/Library/Frameworks",
					"$(inherited)",
					"$(DEVELOPER_FRAMEWORKS_DIR)",
				);
				GCC_PRECOMPILE_PREFIX_HEADER = YES;
				GCC_PREFIX_HEADER = "NSCoders/Supporting Files/NSCoders-Prefix.pch";
				GCC_PREPROCESSOR_DEFINITIONS = (
					"DEBUG=1",
					"$(inherited)",
				);
				INFOPLIST_FILE = "NSCodersTests/Supporting Files/NSCodersTests-Info.plist";
				PRODUCT_NAME = "$(TARGET_NAME)";
				TEST_HOST = "$(BUNDLE_LOADER)";
				WRAPPER_EXTENSION = xctest;
			};
			name = Debug;
		};
		C744CF0D180748D800FB246D /* Release */ = {
			isa = XCBuildConfiguration;
			baseConfigurationReference = 7202FB0AFA96480F9C0B71E3 /* Pods-NSCodersTests.xcconfig */;
			buildSettings = {
				ARCHS = "$(ARCHS_STANDARD_INCLUDING_64_BIT)";
				BUNDLE_LOADER = "$(BUILT_PRODUCTS_DIR)/NSCoders.app/NSCoders";
				FRAMEWORK_SEARCH_PATHS = (
					"$(SDKROOT)/Developer/Library/Frameworks",
					"$(inherited)",
					"$(DEVELOPER_FRAMEWORKS_DIR)",
				);
				GCC_PRECOMPILE_PREFIX_HEADER = YES;
				GCC_PREFIX_HEADER = "NSCoders/Supporting Files/NSCoders-Prefix.pch";
				INFOPLIST_FILE = "NSCodersTests/Supporting Files/NSCodersTests-Info.plist";
				PRODUCT_NAME = "$(TARGET_NAME)";
				TEST_HOST = "$(BUNDLE_LOADER)";
				WRAPPER_EXTENSION = xctest;
			};
			name = Release;
		};
/* End XCBuildConfiguration section */

/* Begin XCConfigurationList section */
		C744CED7180748D800FB246D /* Build configuration list for PBXProject "NSCoders" */ = {
			isa = XCConfigurationList;
			buildConfigurations = (
				C744CF06180748D800FB246D /* Debug */,
				C744CF07180748D800FB246D /* Release */,
			);
			defaultConfigurationIsVisible = 0;
			defaultConfigurationName = Release;
		};
		C744CF08180748D800FB246D /* Build configuration list for PBXNativeTarget "NSCoders" */ = {
			isa = XCConfigurationList;
			buildConfigurations = (
				C744CF09180748D800FB246D /* Debug */,
				C744CF0A180748D800FB246D /* Release */,
			);
			defaultConfigurationIsVisible = 0;
			defaultConfigurationName = Release;
		};
		C744CF0B180748D800FB246D /* Build configuration list for PBXNativeTarget "NSCodersTests" */ = {
			isa = XCConfigurationList;
			buildConfigurations = (
				C744CF0C180748D800FB246D /* Debug */,
				C744CF0D180748D800FB246D /* Release */,
			);
			defaultConfigurationIsVisible = 0;
			defaultConfigurationName = Release;
		};
/* End XCConfigurationList section */
	};
	rootObject = C744CED4180748D800FB246D /* Project object */;
}
